{
  "projects": [
    {
      "projectId": "seaQhLVS4bbjiGvJJrRwyL",
      "version": "15.0.3",
      "dependencies": {},
      "lang": "ts",
      "fileLocks": [
        {
          "assetId": "seaQhLVS4bbjiGvJJrRwyL",
          "type": "projectCss",
          "checksum": "1405e912da3e860fdca5efefc0c9e7ec"
        },
        {
          "assetId": "seaQhLVS4bbjiGvJJrRwyL",
          "checksum": "1b0f3852309384afd463838f5f5583c1",
          "type": "projectModule"
        },
        {
          "assetId": "seaQhLVS4bbjiGvJJrRwyL",
          "checksum": "c7dc0361c3147ae6ce0b51c656f0ded5",
          "type": "styleTokensProvider"
        }
      ],
      "codegenVersion": "0.0.2"
    },
    {
      "projectId": "bCHRxdj8eN21PNzfM9AohB",
      "version": "latest",
      "dependencies": {
        "seaQhLVS4bbjiGvJJrRwyL": "15.0.3"
      },
      "lang": "ts",
      "fileLocks": [
        {
          "type": "globalVariant",
          "assetId": "JgaY4LQzArdv",
          "checksum": "f356183f15da69eaf3a6a67d1be2f50f"
        },
        {
          "assetId": "bCHRxdj8eN21PNzfM9AohB",
          "type": "projectCss",
          "checksum": "18ba02b6beb2f9bff2eb0ecf9ebe9850"
        },
        {
          "assetId": "bCHRxdj8eN21PNzfM9AohB",
          "checksum": "e5754f87406133a144833351e1133f27",
          "type": "projectModule"
        },
        {
          "assetId": "bCHRxdj8eN21PNzfM9AohB",
          "checksum": "664e20cc1ca6b40d2b66f2720b567f03",
          "type": "styleTokensProvider"
        },
        {
          "type": "renderModule",
          "assetId": "hGve5AOfkFjw",
          "checksum": "bfc6c9a81a01d4e92495f587fde553f4"
        },
        {
          "type": "cssRules",
          "assetId": "hGve5AOfkFjw",
          "checksum": "bfc6c9a81a01d4e92495f587fde553f4"
        },
        {
          "type": "renderModule",
          "assetId": "BzxOGjPiACbD",
          "checksum": "ea3500f6ac1fc918dbaeb627ef22b9c3"
        },
        {
          "type": "cssRules",
          "assetId": "BzxOGjPiACbD",
          "checksum": "ea3500f6ac1fc918dbaeb627ef22b9c3"
        },
        {
          "type": "renderModule",
          "assetId": "YccH37mR_3eT",
          "checksum": "7d9217b199f663533a1aa98fd0508a0c"
        },
        {
          "type": "cssRules",
          "assetId": "YccH37mR_3eT",
          "checksum": "7d9217b199f663533a1aa98fd0508a0c"
        },
        {
          "type": "renderModule",
          "assetId": "YYMcqSJLTk6R",
          "checksum": "8ad2b1d39083aa574a77708a111d8b29"
        },
        {
          "type": "cssRules",
          "assetId": "YYMcqSJLTk6R",
          "checksum": "8ad2b1d39083aa574a77708a111d8b29"
        },
        {
          "type": "renderModule",
          "assetId": "DW2DDj_kTyOA",
          "checksum": "1ea15eddb7fb90e8c1f74beaebaf882c"
        },
        {
          "type": "cssRules",
          "assetId": "DW2DDj_kTyOA",
          "checksum": "1ea15eddb7fb90e8c1f74beaebaf882c"
        },
        {
          "type": "renderModule",
          "assetId": "TlImO_t-NXKC",
          "checksum": "7ddb9763e18cecb1469126a27cfa1ed7"
        },
        {
          "type": "cssRules",
          "assetId": "TlImO_t-NXKC",
          "checksum": "7ddb9763e18cecb1469126a27cfa1ed7"
        },
        {
          "type": "renderModule",
          "assetId": "HS9HmUY-zvMo",
          "checksum": "c8bbd0fbe0d06b089cf5e12381c777e0"
        },
        {
          "type": "cssRules",
          "assetId": "HS9HmUY-zvMo",
          "checksum": "c8bbd0fbe0d06b089cf5e12381c777e0"
        },
        {
          "type": "renderModule",
          "assetId": "VTHj1Tv6HVd5",
          "checksum": "589b95bc8e552b7d7456112db16fb16e"
        },
        {
          "type": "cssRules",
          "assetId": "VTHj1Tv6HVd5",
          "checksum": "589b95bc8e552b7d7456112db16fb16e"
        },
        {
          "type": "renderModule",
          "assetId": "N98xJ3Xnx-EM",
          "checksum": "2702d88ccc609a3f5f7c3082693e7994"
        },
        {
          "type": "cssRules",
          "assetId": "N98xJ3Xnx-EM",
          "checksum": "2702d88ccc609a3f5f7c3082693e7994"
        },
        {
          "type": "renderModule",
          "assetId": "FLq7eexFTSYZ",
          "checksum": "934d57415ca8cad4550376537609c8d6"
        },
        {
          "type": "cssRules",
          "assetId": "FLq7eexFTSYZ",
          "checksum": "934d57415ca8cad4550376537609c8d6"
        },
        {
          "type": "renderModule",
          "assetId": "5cRJRi3LWFl_",
          "checksum": "dfb4fa639794176383919f3d90cbf035"
        },
        {
          "type": "cssRules",
          "assetId": "5cRJRi3LWFl_",
          "checksum": "dfb4fa639794176383919f3d90cbf035"
        },
        {
          "type": "renderModule",
          "assetId": "OTvwM5e840hh",
          "checksum": "31a25d8e0264409340b9906cd49fccfd"
        },
        {
          "type": "cssRules",
          "assetId": "OTvwM5e840hh",
          "checksum": "31a25d8e0264409340b9906cd49fccfd"
        },
        {
          "type": "renderModule",
          "assetId": "dGMYSpLdGiXW",
          "checksum": "820e7e541b45fad39d87f85927060598"
        },
        {
          "type": "cssRules",
          "assetId": "dGMYSpLdGiXW",
          "checksum": "820e7e541b45fad39d87f85927060598"
        },
        {
          "type": "renderModule",
          "assetId": "rI6svspZhmSr",
          "checksum": "e9dedc274dc11a50f4cde3e2a3b4ca74"
        },
        {
          "type": "cssRules",
          "assetId": "rI6svspZhmSr",
          "checksum": "e9dedc274dc11a50f4cde3e2a3b4ca74"
        },
        {
          "type": "renderModule",
          "assetId": "4q1n_5EvVPGF",
          "checksum": "b0095850a89f2506b1dd740232e88927"
        },
        {
          "type": "cssRules",
          "assetId": "4q1n_5EvVPGF",
          "checksum": "b0095850a89f2506b1dd740232e88927"
        },
        {
          "type": "renderModule",
          "assetId": "w69dEWwqNjuK",
          "checksum": "457b67627ecce4a4059e7f6d79520fee"
        },
        {
          "type": "cssRules",
          "assetId": "w69dEWwqNjuK",
          "checksum": "457b67627ecce4a4059e7f6d79520fee"
        },
        {
          "type": "renderModule",
          "assetId": "hV88TT7qSqn4",
          "checksum": "453e8ac555fcc0ba9a863a515698055f"
        },
        {
          "type": "cssRules",
          "assetId": "hV88TT7qSqn4",
          "checksum": "453e8ac555fcc0ba9a863a515698055f"
        },
        {
          "type": "icon",
          "assetId": "GBbKlDMQeRfq",
          "checksum": "aacc3670f342cb13e96ad9525860a295"
        },
        {
          "type": "icon",
          "assetId": "JL8YjQPpR527",
          "checksum": "ae3fd4a58066ad056640f4dda906975c"
        },
        {
          "type": "icon",
          "assetId": "97Xk6b1OrE_F",
          "checksum": "ac5357ed84b8f2a10b85ee8a168b08d1"
        },
        {
          "type": "icon",
          "assetId": "Mu2JSUzMo_Jx",
          "checksum": "b3075ad8b45cfe7705c1780196befde4"
        },
        {
          "type": "icon",
          "assetId": "zZn6qT5NR0bY",
          "checksum": "0fba01bc12e257477d700be1ee665e8a"
        },
        {
          "type": "icon",
          "assetId": "CHglFvfdOYYj",
          "checksum": "8952c08bb43440350aa8ee8ab1d5e675"
        },
        {
          "type": "icon",
          "assetId": "1ZCYZMdjey0w",
          "checksum": "662f2e73d42f005a4ea7acf2c935f40f"
        },
        {
          "type": "icon",
          "assetId": "Xt67GNzMzr04",
          "checksum": "15391770b87d9526956d0a12a4e64f31"
        },
        {
          "type": "icon",
          "assetId": "h6iDLxKJpvP5",
          "checksum": "966096f77eeb13fcff26dd2236d58ae4"
        },
        {
          "type": "icon",
          "assetId": "2TrXU8JKmCUI",
          "checksum": "38a1299ccf144d9e7d04697c11df041b"
        },
        {
          "type": "icon",
          "assetId": "9QdYwl9PjvMK",
          "checksum": "e90feeb3e34d515ded214ce10169ecd8"
        },
        {
          "type": "icon",
          "assetId": "29S5G4T0Xglv",
          "checksum": "6680f0aaedbb8f5562b1d55cfb03a456"
        },
        {
          "type": "icon",
          "assetId": "LlzyTWmJQnBm",
          "checksum": "cf56c11cd6340e6e87306791c8d8b5ee"
        },
        {
          "type": "icon",
          "assetId": "0frAsW3dxtgG",
          "checksum": "e3e4f58fb64585a9d773f78d12aff69f"
        },
        {
          "type": "icon",
          "assetId": "a7-Zhqz50qF-",
          "checksum": "48c9ba0b5d36fa015a3b78c2d751308b"
        },
        {
          "type": "icon",
          "assetId": "G-33Gu15e5-Z",
          "checksum": "8d518d01c57e23c75d503e5bc26c45b7"
        },
        {
          "type": "icon",
          "assetId": "qxlr1oCs9DrX",
          "checksum": "be8328c64b0045bd18ec116ce3882041"
        },
        {
          "type": "icon",
          "assetId": "RUD0lWwcI_qm",
          "checksum": "d7e1c61043e19efa07c51093402b7b73"
        },
        {
          "type": "icon",
          "assetId": "Br5GbqsMY81v",
          "checksum": "758539accc6b6a0658b4d9711ae6af0b"
        },
        {
          "type": "icon",
          "assetId": "WfT4K3HE86Ez",
          "checksum": "b947f42479c2e3feed7eca17da94f378"
        },
        {
          "type": "icon",
          "assetId": "4nvAXuIc7Qf6",
          "checksum": "0a670f9f760959ba77275009f33cfc53"
        },
        {
          "type": "icon",
          "assetId": "eTSWyKDD7ZNa",
          "checksum": "d2f85aea1e50a6838638c6e8b830d33b"
        },
        {
          "type": "image",
          "assetId": "tofw42u7HQqE",
          "checksum": "d98b9c56688c7d62f7aa8f85dfdd87ac"
        },
        {
          "type": "image",
          "assetId": "sIhHDXksyZoZ",
          "checksum": "3391bba8fba701e4c2587be3967bcdc6"
        },
        {
          "type": "image",
          "assetId": "cLyt2igCF_CA",
          "checksum": "90d7b50e83ed876c136f879079024d12"
        },
        {
          "type": "image",
          "assetId": "J7FpxGVoYHX2",
          "checksum": "e39f1bc2017fdb5b49afcd750c848d84"
        }
      ],
      "codegenVersion": "0.0.2"
    }
  ],
  "cliVersion": "0.1.342"
}
